
Microsoft Visual Studio Solution File, Format Version 12.00
# Visual Studio 15
VisualStudioVersion = 15.0.28307.902
MinimumVisualStudioVersion = 10.0.40219.1
Project("{FAE04EC0-301F-11D3-BF4B-00C04F79EFBC}") = "Celebreno", "Celebreno\Celebreno.csproj", "{7EE7F39E-05C9-4798-B2E9-60C5E02DEFCA}"
EndProject
Project("{FAE04EC0-301F-11D3-BF4B-00C04F79EFBC}") = "Celebreno.Tests", "Celebreno.Tests\Celebreno.Tests.csproj", "{CE2CFF8A-5BAD-4420-86DD-5ECCA99A588C}"
EndProject
Global
	GlobalSection(SolutionConfigurationPlatforms) = preSolution
		Debug|Any CPU = Debug|Any CPU
		Release|Any CPU = Release|Any CPU
	EndGlobalSection
	GlobalSection(ProjectConfigurationPlatforms) = postSolution
		{7EE7F39E-05C9-4798-B2E9-60C5E02DEFCA}.Debug|Any CPU.ActiveCfg = Debug|Any CPU
		{7EE7F39E-05C9-4798-B2E9-60C5E02DEFCA}.Debug|Any CPU.Build.0 = Debug|Any CPU
		{7EE7F39E-05C9-4798-B2E9-60C5E02DEFCA}.Release|Any CPU.ActiveCfg = Release|Any CPU
		{7EE7F39E-05C9-4798-B2E9-60C5E02DEFCA}.Release|Any CPU.Build.0 = Release|Any CPU
		{CE2CFF8A-5BAD-4420-86DD-5ECCA99A588C}.Debug|Any CPU.ActiveCfg = Debug|Any CPU
		{CE2CFF8A-5BAD-4420-86DD-5ECCA99A588C}.Debug|Any CPU.Build.0 = Debug|Any CPU
		{CE2CFF8A-5BAD-4420-86DD-5ECCA99A588C}.Release|Any CPU.ActiveCfg = Release|Any CPU
		{CE2CFF8A-5BAD-4420-86DD-5ECCA99A588C}.Release|Any CPU.Build.0 = Release|Any CPU
	EndGlobalSection
	GlobalSection(SolutionProperties) = preSolution
		HideSolutionNode = FALSE
	EndGlobalSection
	GlobalSection(ExtensibilityGlobals) = postSolution
		SolutionGuid = {9F8C425C-0160-476E-97D3-5A904142011A}
	EndGlobalSection
EndGlobal
